
Microsoft Visual Studio Solution File, Format Version 12.00
# Visual Studio Version 16
VisualStudioVersion = 16.0.29609.76
MinimumVisualStudioVersion = 10.0.40219.1
Project("{FAE04EC0-301F-11D3-BF4B-00C04F79EFBC}") = "ConsoleApp16_Dziedziczenie2", "ConsoleApp16_Dziedziczenie2\ConsoleApp16_Dziedziczenie2.csproj", "{03294B3A-93B4-4EF3-8D80-C7BE9374B3E1}"
EndProject
Global
	GlobalSection(SolutionConfigurationPlatforms) = preSolution
		Debug|Any CPU = Debug|Any CPU
		Release|Any CPU = Release|Any CPU
	EndGlobalSection
	GlobalSection(ProjectConfigurationPlatforms) = postSolution
		{03294B3A-93B4-4EF3-8D80-C7BE9374B3E1}.Debug|Any CPU.ActiveCfg = Debug|Any CPU
		{03294B3A-93B4-4EF3-8D80-C7BE9374B3E1}.Debug|Any CPU.Build.0 = Debug|Any CPU
		{03294B3A-93B4-4EF3-8D80-C7BE9374B3E1}.Release|Any CPU.ActiveCfg = Release|Any CPU
		{03294B3A-93B4-4EF3-8D80-C7BE9374B3E1}.Release|Any CPU.Build.0 = Release|Any CPU
	EndGlobalSection
	GlobalSection(SolutionProperties) = preSolution
		HideSolutionNode = FALSE
	EndGlobalSection
	GlobalSection(ExtensibilityGlobals) = postSolution
		SolutionGuid = {614B981A-AB2C-450F-BA78-D2B628523036}
	EndGlobalSection
EndGlobal
